dependencies:
  chmorgan/esp-audio-player:
    component_hash: c8ac1998e9af863bc41b57e592f88d1a5791a0f891485122336ddabbf7a65033
    dependencies:
    - name: chmorgan/esp-libhelix-mp3
      registry_url: https://components.espressif.com
      require: private
      version: '>=1.0.0,<2.0.0'
    - name: idf
      require: private
      version: '>=5.0'
    source:
      registry_url: https://components.espressif.com/
      type: service
    version: 1.0.7
  chmorgan/esp-file-iterator:
    component_hash: 327091394b9ef5c2cd395a960ab70ae64479e0a8831cbd9925e38895fad93719
    dependencies:
    - name: idf
      require: private
      version: '>=4.1.0'
    source:
      registry_url: https://components.espressif.com/
      type: service
    version: 1.0.0
  chmorgan/esp-libhelix-mp3:
    component_hash: cbb76089dc2c5749f7b470e2e70aedc44c9da519e04eb9a67d4c7ec275229e53
    dependencies:
    - name: idf
      require: private
      version: '>=4.1.0'
    source:
      registry_url: https://components.espressif.com
      type: service
    version: 1.0.3
  espressif/esp-dsp:
    component_hash: 42dce32d46ac93dc11f60d368e29a830e9661c7345d794b8a45c343479cae636
    dependencies:
    - name: idf
      require: private
      version: '>=4.2'
    source:
      registry_url: https://components.espressif.com/
      type: service
    version: 1.7.0
  espressif/esp_codec_dev:
    component_hash: 420a8a931f8bdfc74ae89c4d2ce634823d10e1865b1e9bdb8428bfe4a1060def
    dependencies:
    - name: idf
      require: private
      version: '>=4.0'
    source:
      registry_url: https://components.espressif.com/
      type: service
    version: 1.3.6
  espressif/servo:
    component_hash: 309c787e48224255fad458cfd9ab86ea53f0fdad1c5e4f6f0c50309990b17108
    dependencies:
    - name: idf
      require: private
      version: '>=4.4'
    source:
      registry_url: https://components.espressif.com/
      type: service
    version: 0.1.0
  idf:
    source:
      type: idf
    version: 5.1.5
direct_dependencies:
- chmorgan/esp-audio-player
- chmorgan/esp-file-iterator
- espressif/esp-dsp
- espressif/esp_codec_dev
- espressif/servo
- idf
manifest_hash: bbd5a82c97a65232ea67b395ae8806667f1948463f10983aea7aa8c4182a33a6
target: esp32s3
version: 2.0.0
